// !$*UTF8*$!
{
	archiveVersion = 1;
	classes = {
	};
	objectVersion = 50;
	objects = {

/* Begin PBXBuildFile section */
		A94C00E0213DB31200AF4AE2 /* UIColor+Extension.swift in Sources */ = {isa = PBXBuildFile; fileRef = A94C00DF213DB31200AF4AE2 /* UIColor+Extension.swift */; };
		A989EF7E213EF71E00724E09 /* MenuBar.swift in Sources */ = {isa = PBXBuildFile; fileRef = A989EF7D213EF71E00724E09 /* MenuBar.swift */; };
		A9DA6F19214396E80090308C /* Video.swift in Sources */ = {isa = PBXBuildFile; fileRef = A9DA6F18214396E80090308C /* Video.swift */; };
		A9DA6F1B214396F20090308C /* Channel.swift in Sources */ = {isa = PBXBuildFile; fileRef = A9DA6F1A214396F20090308C /* Channel.swift */; };
		A9DA6F1D214399610090308C /* AGImageView.swift in Sources */ = {isa = PBXBuildFile; fileRef = A9DA6F1C214399610090308C /* AGImageView.swift */; };
		A9DA6F1F21439A9F0090308C /* APIManager.swift in Sources */ = {isa = PBXBuildFile; fileRef = A9DA6F1E21439A9F0090308C /* APIManager.swift */; };
		A9E6C5A4213BA3EF00A32A46 /* AppDelegate.swift in Sources */ = {isa = PBXBuildFile; fileRef = A9E6C5A3213BA3EF00A32A46 /* AppDelegate.swift */; };
		A9E6C5AB213BA3F400A32A46 /* Assets.xcassets in Resources */ = {isa = PBXBuildFile; fileRef = A9E6C5AA213BA3F400A32A46 /* Assets.xcassets */; };
		A9E6C5AE213BA3F400A32A46 /* LaunchScreen.storyboard in Resources */ = {isa = PBXBuildFile; fileRef = A9E6C5AC213BA3F400A32A46 /* LaunchScreen.storyboard */; };
		A9E6C5BB213BA93900A32A46 /* HomeController.swift in Sources */ = {isa = PBXBuildFile; fileRef = A9E6C5BA213BA93900A32A46 /* HomeController.swift */; };
		A9E6C5BE213BB33800A32A46 /* UIView+Extension.swift in Sources */ = {isa = PBXBuildFile; fileRef = A9E6C5BD213BB33800A32A46 /* UIView+Extension.swift */; };
/* End PBXBuildFile section */

/* Begin PBXFileReference section */
		A94C00DF213DB31200AF4AE2 /* UIColor+Extension.swift */ = {isa = PBXFileReference; lastKnownFileType = sourcecode.swift; path = "UIColor+Extension.swift"; sourceTree = "<group>"; };
		A989EF7D213EF71E00724E09 /* MenuBar.swift */ = {isa = PBXFileReference; lastKnownFileType = sourcecode.swift; path = MenuBar.swift; sourceTree = "<group>"; };
		A9DA6F18214396E80090308C /* Video.swift */ = {isa = PBXFileReference; lastKnownFileType = sourcecode.swift; path = Video.swift; sourceTree = "<group>"; };
		A9DA6F1A214396F20090308C /* Channel.swift */ = {isa = PBXFileReference; lastKnownFileType = sourcecode.swift; path = Channel.swift; sourceTree = "<group>"; };
		A9DA6F1C214399610090308C /* AGImageView.swift */ = {isa = PBXFileReference; lastKnownFileType = sourcecode.swift; path = AGImageView.swift; sourceTree = "<group>"; };
		A9DA6F1E21439A9F0090308C /* APIManager.swift */ = {isa = PBXFileReference; lastKnownFileType = sourcecode.swift; path = APIManager.swift; sourceTree = "<group>"; };
		A9E6C5A0213BA3EF00A32A46 /* YoutubeClone.app */ = {isa = PBXFileReference; explicitFileType = wrapper.application; includeInIndex = 0; path = YoutubeClone.app; sourceTree = BUILT_PRODUCTS_DIR; };
		A9E6C5A3213BA3EF00A32A46 /* AppDelegate.swift */ = {isa = PBXFileReference; lastKnownFileType = sourcecode.swift; path = AppDelegate.swift; sourceTree = "<group>"; };
		A9E6C5AA213BA3F400A32A46 /* Assets.xcassets */ = {isa = PBXFileReference; lastKnownFileType = folder.assetcatalog; path = Assets.xcassets; sourceTree = "<group>"; };
		A9E6C5AD213BA3F400A32A46 /* Base */ = {isa = PBXFileReference; lastKnownFileType = file.storyboard; name = Base; path = Base.lproj/LaunchScreen.storyboard; sourceTree = "<group>"; };
		A9E6C5AF213BA3F500A32A46 /* Info.plist */ = {isa = PBXFileReference; lastKnownFileType = text.plist.xml; path = Info.plist; sourceTree = "<group>"; };
		A9E6C5BA213BA93900A32A46 /* HomeController.swift */ = {isa = PBXFileReference; lastKnownFileType = sourcecode.swift; path = HomeController.swift; sourceTree = "<group>"; };
		A9E6C5BD213BB33800A32A46 /* UIView+Extension.swift */ = {isa = PBXFileReference; lastKnownFileType = sourcecode.swift; path = "UIView+Extension.swift"; sourceTree = "<group>"; };
/* End PBXFileReference section */

/* Begin PBXFrameworksBuildPhase section */
		A9E6C59D213BA3EF00A32A46 /* Frameworks */ = {
			isa = PBXFrameworksBuildPhase;
			buildActionMask = 2147483647;
			files = (
			);
			runOnlyForDeploymentPostprocessing = 0;
		};
/* End PBXFrameworksBuildPhase section */

/* Begin PBXGroup section */
		A9E6C597213BA3EF00A32A46 = {
			isa = PBXGroup;
			children = (
				A9E6C5A2213BA3EF00A32A46 /* YoutubeClone */,
				A9E6C5A1213BA3EF00A32A46 /* Products */,
			);
			sourceTree = "<group>";
		};
		A9E6C5A1213BA3EF00A32A46 /* Products */ = {
			isa = PBXGroup;
			children = (
				A9E6C5A0213BA3EF00A32A46 /* YoutubeClone.app */,
			);
			name = Products;
			sourceTree = "<group>";
		};
		A9E6C5A2213BA3EF00A32A46 /* YoutubeClone */ = {
			isa = PBXGroup;
			children = (
				A9E6C5BC213BB32900A32A46 /* Utils */,
				A9E6C5B5213BA71700A32A46 /* MVC */,
				A9E6C5A3213BA3EF00A32A46 /* AppDelegate.swift */,
				A9E6C5AA213BA3F400A32A46 /* Assets.xcassets */,
				A9E6C5AC213BA3F400A32A46 /* LaunchScreen.storyboard */,
				A9E6C5AF213BA3F500A32A46 /* Info.plist */,
			);
			path = YoutubeClone;
			sourceTree = "<group>";
		};
		A9E6C5B5213BA71700A32A46 /* MVC */ = {
			isa = PBXGroup;
			children = (
				A9E6C5B6213BA74700A32A46 /* Controllers */,
				A9E6C5B7213BA74700A32A46 /* Models */,
				A9E6C5B8213BA74700A32A46 /* Views */,
			);
			path = MVC;
			sourceTree = "<group>";
		};
		A9E6C5B6213BA74700A32A46 /* Controllers */ = {
			isa = PBXGroup;
			children = (
				A9E6C5B9213BA76900A32A46 /* HomeController */,
			);
			path = Controllers;
			sourceTree = "<group>";
		};
		A9E6C5B7213BA74700A32A46 /* Models */ = {
			isa = PBXGroup;
			children = (
				A9DA6F18214396E80090308C /* Video.swift */,
				A9DA6F1A214396F20090308C /* Channel.swift */,
			);
			path = Models;
			sourceTree = "<group>";
		};
		A9E6C5B8213BA74700A32A46 /* Views */ = {
			isa = PBXGroup;
			children = (
			);
			path = Views;
			sourceTree = "<group>";
		};
		A9E6C5B9213BA76900A32A46 /* HomeController */ = {
			isa = PBXGroup;
			children = (
				A9E6C5BA213BA93900A32A46 /* HomeController.swift */,
			);
			path = HomeController;
			sourceTree = "<group>";
		};
		A9E6C5BC213BB32900A32A46 /* Utils */ = {
			isa = PBXGroup;
			children = (
				A9DA6F1E21439A9F0090308C /* APIManager.swift */,
				A9E6C5BD213BB33800A32A46 /* UIView+Extension.swift */,
				A94C00DF213DB31200AF4AE2 /* UIColor+Extension.swift */,
				A989EF7D213EF71E00724E09 /* MenuBar.swift */,
				A9DA6F1C214399610090308C /* AGImageView.swift */,
			);
			path = Utils;
			sourceTree = "<group>";
		};
/* End PBXGroup section */

/* Begin PBXNativeTarget section */
		A9E6C59F213BA3EF00A32A46 /* YoutubeClone */ = {
			isa = PBXNativeTarget;
			buildConfigurationList = A9E6C5B2213BA3F500A32A46 /* Build configuration list for PBXNativeTarget "YoutubeClone" */;
			buildPhases = (
				A9E6C59C213BA3EF00A32A46 /* Sources */,
				A9E6C59D213BA3EF00A32A46 /* Frameworks */,
				A9E6C59E213BA3EF00A32A46 /* Resources */,
			);
			buildRules = (
			);
			dependencies = (
			);
			name = YoutubeClone;
			productName = YoutubeClone;
			productReference = A9E6C5A0213BA3EF00A32A46 /* YoutubeClone.app */;
			productType = "com.apple.product-type.application";
		};
/* End PBXNativeTarget section */

/* Begin PBXProject section */
		A9E6C598213BA3EF00A32A46 /* Project object */ = {
			isa = PBXProject;
			attributes = {
				LastSwiftUpdateCheck = 0940;
				LastUpgradeCheck = 0940;
				ORGANIZATIONNAME = "Ankit Gupta";
				TargetAttributes = {
					A9E6C59F213BA3EF00A32A46 = {
						CreatedOnToolsVersion = 9.4.1;
					};
				};
			};
			buildConfigurationList = A9E6C59B213BA3EF00A32A46 /* Build configuration list for PBXProject "YoutubeClone" */;
			compatibilityVersion = "Xcode 9.3";
			developmentRegion = en;
			hasScannedForEncodings = 0;
			knownRegions = (
				en,
				Base,
			);
			mainGroup = A9E6C597213BA3EF00A32A46;
			productRefGroup = A9E6C5A1213BA3EF00A32A46 /* Products */;
			projectDirPath = "";
			projectRoot = "";
			targets = (
				A9E6C59F213BA3EF00A32A46 /* YoutubeClone */,
			);
		};
/* End PBXProject section */

/* Begin PBXResourcesBuildPhase section */
		A9E6C59E213BA3EF00A32A46 /* Resources */ = {
			isa = PBXResourcesBuildPhase;
			buildActionMask = 2147483647;
			files = (
				A9E6C5AE213BA3F400A32A46 /* LaunchScreen.storyboard in Resources */,
				A9E6C5AB213BA3F400A32A46 /* Assets.xcassets in Resources */,
			);
			runOnlyForDeploymentPostprocessing = 0;
		};
/* End PBXResourcesBuildPhase section */

/* Begin PBXSourcesBuildPhase section */
		A9E6C59C213BA3EF00A32A46 /* Sources */ = {
			isa = PBXSourcesBuildPhase;
			buildActionMask = 2147483647;
			files = (
				A9DA6F1B214396F20090308C /* Channel.swift in Sources */,
				A9E6C5BE213BB33800A32A46 /* UIView+Extension.swift in Sources */,
				A9DA6F1D214399610090308C /* AGImageView.swift in Sources */,
				A9DA6F1F21439A9F0090308C /* APIManager.swift in Sources */,
				A9DA6F19214396E80090308C /* Video.swift in Sources */,
				A9E6C5A4213BA3EF00A32A46 /* AppDelegate.swift in Sources */,
				A9E6C5BB213BA93900A32A46 /* HomeController.swift in Sources */,
				A94C00E0213DB31200AF4AE2 /* UIColor+Extension.swift in Sources */,
				A989EF7E213EF71E00724E09 /* MenuBar.swift in Sources */,
			);
			runOnlyForDeploymentPostprocessing = 0;
		};
/* End PBXSourcesBuildPhase section */

/* Begin PBXVariantGroup section */
		A9E6C5AC213BA3F400A32A46 /* LaunchScreen.storyboard */ = {
			isa = PBXVariantGroup;
			children = (
				A9E6C5AD213BA3F400A32A46 /* Base */,
			);
			name = LaunchScreen.storyboard;
			sourceTree = "<group>";
		};
/* End PBXVariantGroup section */

/* Begin XCBuildConfiguration section */
		A9E6C5B0213BA3F500A32A46 /* Debug */ = {
			isa = XCBuildConfiguration;
			buildSettings = {
				ALWAYS_SEARCH_USER_PATHS = NO;
				CLANG_ANALYZER_NONNULL = YES;
				CLANG_ANALYZER_NUMBER_OBJECT_CONVERSION = YES_AGGRESSIVE;
				CLANG_CXX_LANGUAGE_STANDARD = "gnu++14";
				CLANG_CXX_LIBRARY = "libc++";
				CLANG_ENABLE_MODULES = YES;
				CLANG_ENABLE_OBJC_ARC = YES;
				CLANG_ENABLE_OBJC_WEAK = YES;
				CLANG_WARN_BLOCK_CAPTURE_AUTORELEASING = YES;
				CLANG_WARN_BOOL_CONVERSION = YES;
				CLANG_WARN_COMMA = YES;
				CLANG_WARN_CONSTANT_CONVERSION = YES;
				CLANG_WARN_DEPRECATED_OBJC_IMPLEMENTATIONS = YES;
				CLANG_WARN_DIRECT_OBJC_ISA_USAGE = YES_ERROR;
				CLANG_WARN_DOCUMENTATION_COMMENTS = YES;
				CLANG_WARN_EMPTY_BODY = YES;
				CLANG_WARN_ENUM_CONVERSION = YES;
				CLANG_WARN_INFINITE_RECURSION = YES;
				CLANG_WARN_INT_CONVERSION = YES;
				CLANG_WARN_NON_LITERAL_NULL_CONVERSION = YES;
				CLANG_WARN_OBJC_IMPLICIT_RETAIN_SELF = YES;
				CLANG_WARN_OBJC_LITERAL_CONVERSION = YES;
				CLANG_WARN_OBJC_ROOT_CLASS = YES_ERROR;
				CLANG_WARN_RANGE_LOOP_ANALYSIS = YES;
				CLANG_WARN_STRICT_PROTOTYPES = YES;
				CLANG_WARN_SUSPICIOUS_MOVE = YES;
				CLANG_WARN_UNGUARDED_AVAILABILITY = YES_AGGRESSIVE;
				CLANG_WARN_UNREACHABLE_CODE = YES;
				CLANG_WARN__DUPLICATE_METHOD_MATCH = YES;
				CODE_SIGN_IDENTITY = "iPhone Developer";
				COPY_PHASE_STRIP = NO;
				DEBUG_INFORMATION_FORMAT = dwarf;
				ENABLE_STRICT_OBJC_MSGSEND = YES;
				ENABLE_TESTABILITY = YES;
				GCC_C_LANGUAGE_STANDARD = gnu11;
				GCC_DYNAMIC_NO_PIC = NO;
				GCC_NO_COMMON_BLOCKS = YES;
				GCC_OPTIMIZATION_LEVEL = 0;
				GCC_PREPROCESSOR_DEFINITIONS = (
					"DEBUG=1",
					"$(inherited)",
				);
				GCC_WARN_64_TO_32_BIT_CONVERSION = YES;
				GCC_WARN_ABOUT_RETURN_TYPE = YES_ERROR;
				GCC_WARN_UNDECLARED_SELECTOR = YES;
				GCC_WARN_UNINITIALIZED_AUTOS = YES_AGGRESSIVE;
				GCC_WARN_UNUSED_FUNCTION = YES;
				GCC_WARN_UNUSED_VARIABLE = YES;
				IPHONEOS_DEPLOYMENT_TARGET = 11.4;
				MTL_ENABLE_DEBUG_INFO = YES;
				ONLY_ACTIVE_ARCH = YES;
				SDKROOT = iphoneos;
				SWIFT_ACTIVE_COMPILATION_CONDITIONS = DEBUG;
				SWIFT_OPTIMIZATION_LEVEL = "-Onone";
			};
			name = Debug;
		};
		A9E6C5B1213BA3F500A32A46 /* Release */ = {
			isa = XCBuildConfiguration;
			buildSettings = {
				ALWAYS_SEARCH_USER_PATHS = NO;
				CLANG_ANALYZER_NONNULL = YES;
				CLANG_ANALYZER_NUMBER_OBJECT_CONVERSION = YES_AGGRESSIVE;
				CLANG_CXX_LANGUAGE_STANDARD = "gnu++14";
				CLANG_CXX_LIBRARY = "libc++";
				CLANG_ENABLE_MODULES = YES;
				CLANG_ENABLE_OBJC_ARC = YES;
				CLANG_ENABLE_OBJC_WEAK = YES;
				CLANG_WARN_BLOCK_CAPTURE_AUTORELEASING = YES;
				CLANG_WARN_BOOL_CONVERSION = YES;
				CLANG_WARN_COMMA = YES;
				CLANG_WARN_CONSTANT_CONVERSION = YES;
				CLANG_WARN_DEPRECATED_OBJC_IMPLEMENTATIONS = YES;
				CLANG_WARN_DIRECT_OBJC_ISA_USAGE = YES_ERROR;
				CLANG_WARN_DOCUMENTATION_COMMENTS = YES;
				CLANG_WARN_EMPTY_BODY = YES;
				CLANG_WARN_ENUM_CONVERSION = YES;
				CLANG_WARN_INFINITE_RECURSION = YES;
				CLANG_WARN_INT_CONVERSION = YES;
				CLANG_WARN_NON_LITERAL_NULL_CONVERSION = YES;
				CLANG_WARN_OBJC_IMPLICIT_RETAIN_SELF = YES;
				CLANG_WARN_OBJC_LITERAL_CONVERSION = YES;
				CLANG_WARN_OBJC_ROOT_CLASS = YES_ERROR;
				CLANG_WARN_RANGE_LOOP_ANALYSIS = YES;
				CLANG_WARN_STRICT_PROTOTYPES = YES;
				CLANG_WARN_SUSPICIOUS_MOVE = YES;
				CLANG_WARN_UNGUARDED_AVAILABILITY = YES_AGGRESSIVE;
				CLANG_WARN_UNREACHABLE_CODE = YES;
				CLANG_WARN__DUPLICATE_METHOD_MATCH = YES;
				CODE_SIGN_IDENTITY = "iPhone Developer";
				COPY_PHASE_STRIP = NO;
				DEBUG_INFORMATION_FORMAT = "dwarf-with-dsym";
				ENABLE_NS_ASSERTIONS = NO;
				ENABLE_STRICT_OBJC_MSGSEND = YES;
				GCC_C_LANGUAGE_STANDARD = gnu11;
				GCC_NO_COMMON_BLOCKS = YES;
				GCC_WARN_64_TO_32_BIT_CONVERSION = YES;
				GCC_WARN_ABOUT_RETURN_TYPE = YES_ERROR;
				GCC_WARN_UNDECLARED_SELECTOR = YES;
				GCC_WARN_UNINITIALIZED_AUTOS = YES_AGGRESSIVE;
				GCC_WARN_UNUSED_FUNCTION = YES;
				GCC_WARN_UNUSED_VARIABLE = YES;
				IPHONEOS_DEPLOYMENT_TARGET = 11.4;
				MTL_ENABLE_DEBUG_INFO = NO;
				SDKROOT = iphoneos;
				SWIFT_COMPILATION_MODE = wholemodule;
				SWIFT_OPTIMIZATION_LEVEL = "-O";
				VALIDATE_PRODUCT = YES;
			};
			name = Release;
		};
		A9E6C5B3213BA3F500A32A46 /* Debug */ = {
			isa = XCBuildConfiguration;
			buildSettings = {
				ASSETCATALOG_COMPILER_APPICON_NAME = AppIcon;
				CODE_SIGN_STYLE = Automatic;
				INFOPLIST_FILE = YoutubeClone/Info.plist;
				LD_RUNPATH_SEARCH_PATHS = (
					"$(inherited)",
					"@executable_path/Frameworks",
				);
				PRODUCT_BUNDLE_IDENTIFIER = "com.ankit-dev.YoutubeClone";
				PRODUCT_NAME = "$(TARGET_NAME)";
				SWIFT_VERSION = 4.0;
				TARGETED_DEVICE_FAMILY = "1,2";
			};
			name = Debug;
		};
		A9E6C5B4213BA3F500A32A46 /* Release */ = {
			isa = XCBuildConfiguration;
			buildSettings = {
				ASSETCATALOG_COMPILER_APPICON_NAME = AppIcon;
				CODE_SIGN_STYLE = Automatic;
				INFOPLIST_FILE = YoutubeClone/Info.plist;
				LD_RUNPATH_SEARCH_PATHS = (
					"$(inherited)",
					"@executable_path/Frameworks",
				);
				PRODUCT_BUNDLE_IDENTIFIER = "com.ankit-dev.YoutubeClone";
				PRODUCT_NAME = "$(TARGET_NAME)";
				SWIFT_VERSION = 4.0;
				TARGETED_DEVICE_FAMILY = "1,2";
			};
			name = Release;
		};
/* End XCBuildConfiguration section */

/* Begin XCConfigurationList section */
		A9E6C59B213BA3EF00A32A46 /* Build configuration list for PBXProject "YoutubeClone" */ = {
			isa = XCConfigurationList;
			buildConfigurations = (
				A9E6C5B0213BA3F500A32A46 /* Debug */,
				A9E6C5B1213BA3F500A32A46 /* Release */,
			);
			defaultConfigurationIsVisible = 0;
			defaultConfigurationName = Release;
		};
		A9E6C5B2213BA3F500A32A46 /* Build configuration list for PBXNativeTarget "YoutubeClone" */ = {
			isa = XCConfigurationList;
			buildConfigurations = (
				A9E6C5B3213BA3F500A32A46 /* Debug */,
				A9E6C5B4213BA3F500A32A46 /* Release */,
			);
			defaultConfigurationIsVisible = 0;
			defaultConfigurationName = Release;
		};
/* End XCConfigurationList section */
	};
	rootObject = A9E6C598213BA3EF00A32A46 /* Project object */;
}
